PODS:
  - Crashlytics (3.13.1):
    - Fabric (~> 1.10.1)
  - Fabric (1.10.1)

DEPENDENCIES:
  - Crashlytics
  - Fabric

SPEC REPOS:
  https://github.com/cocoapods/specs.git:
    - Crashlytics
    - Fabric

SPEC CHECKSUMS:
  Crashlytics: 5aa8e90dcbf2f34898b4f5a0037787531246cca0
  Fabric: f6f21452846788bb44595d73e9909d79d328e617

PODFILE CHECKSUM: 4f1ddbe3f8b7e8e23ffdde81862cdd0f53246497

COCOAPODS: 1.7.1
